// !$*UTF8*$!
{
	archiveVersion = 1;
	classes = {
	};
	objectVersion = 46;
	objects = {

/* Begin PBXBuildFile section */
		6BABAE2D19EB7B1D0019161F /* main.m in Sources */ = {isa = PBXBuildFile; fileRef = 6BABAE2C19EB7B1D0019161F /* main.m */; };
		6BABAE3019EB7B1D0019161F /* AppDelegate.m in Sources */ = {isa = PBXBuildFile; fileRef = 6BABAE2F19EB7B1D0019161F /* AppDelegate.m */; };
		6BABAE3619EB7B1D0019161F /* Main.storyboard in Resources */ = {isa = PBXBuildFile; fileRef = 6BABAE3419EB7B1D0019161F /* Main.storyboard */; };
		6BABAE3819EB7B1D0019161F /* Images.xcassets in Resources */ = {isa = PBXBuildFile; fileRef = 6BABAE3719EB7B1D0019161F /* Images.xcassets */; };
		6BABAE3B19EB7B1D0019161F /* LaunchScreen.xib in Resources */ = {isa = PBXBuildFile; fileRef = 6BABAE3919EB7B1D0019161F /* LaunchScreen.xib */; };
		6BABAE4719EB7B1D0019161F /* ZCRefreshControlDemoTests.m in Sources */ = {isa = PBXBuildFile; fileRef = 6BABAE4619EB7B1D0019161F /* ZCRefreshControlDemoTests.m */; };
		6BABAE5619EB7B770019161F /* ZCRefreshControl.m in Sources */ = {isa = PBXBuildFile; fileRef = 6BABAE5519EB7B770019161F /* ZCRefreshControl.m */; };
		6BABAE5919EBB5910019161F /* TableViewController.m in Sources */ = {isa = PBXBuildFile; fileRef = 6BABAE5819EBB5910019161F /* TableViewController.m */; };
/* End PBXBuildFile section */

/* Begin PBXContainerItemProxy section */
		6BABAE4119EB7B1D0019161F /* PBXContainerItemProxy */ = {
			isa = PBXContainerItemProxy;
			containerPortal = 6BABAE1F19EB7B1D0019161F /* Project object */;
			proxyType = 1;
			remoteGlobalIDString = 6BABAE2619EB7B1D0019161F;
			remoteInfo = ZCRefreshControlDemo;
		};
/* End PBXContainerItemProxy section */

/* Begin PBXFileReference section */
		6BABAE2719EB7B1D0019161F /* ZCRefreshControlDemo.app */ = {isa = PBXFileReference; explicitFileType = wrapper.application; includeInIndex = 0; path = ZCRefreshControlDemo.app; sourceTree = BUILT_PRODUCTS_DIR; };
		6BABAE2B19EB7B1D0019161F /* Info.plist */ = {isa = PBXFileReference; lastKnownFileType = text.plist.xml; path = Info.plist; sourceTree = "<group>"; };
		6BABAE2C19EB7B1D0019161F /* main.m */ = {isa = PBXFileReference; lastKnownFileType = sourcecode.c.objc; path = main.m; sourceTree = "<group>"; };
		6BABAE2E19EB7B1D0019161F /* AppDelegate.h */ = {isa = PBXFileReference; lastKnownFileType = sourcecode.c.h; path = AppDelegate.h; sourceTree = "<group>"; };
		6BABAE2F19EB7B1D0019161F /* AppDelegate.m */ = {isa = PBXFileReference; lastKnownFileType = sourcecode.c.objc; path = AppDelegate.m; sourceTree = "<group>"; };
		6BABAE3519EB7B1D0019161F /* Base */ = {isa = PBXFileReference; lastKnownFileType = file.storyboard; name = Base; path = Base.lproj/Main.storyboard; sourceTree = "<group>"; };
		6BABAE3719EB7B1D0019161F /* Images.xcassets */ = {isa = PBXFileReference; lastKnownFileType = folder.assetcatalog; path = Images.xcassets; sourceTree = "<group>"; };
		6BABAE3A19EB7B1D0019161F /* Base */ = {isa = PBXFileReference; lastKnownFileType = file.xib; name = Base; path = Base.lproj/LaunchScreen.xib; sourceTree = "<group>"; };
		6BABAE4019EB7B1D0019161F /* ZCRefreshControlDemoTests.xctest */ = {isa = PBXFileReference; explicitFileType = wrapper.cfbundle; includeInIndex = 0; path = ZCRefreshControlDemoTests.xctest; sourceTree = BUILT_PRODUCTS_DIR; };
		6BABAE4519EB7B1D0019161F /* Info.plist */ = {isa = PBXFileReference; lastKnownFileType = text.plist.xml; path = Info.plist; sourceTree = "<group>"; };
		6BABAE4619EB7B1D0019161F /* ZCRefreshControlDemoTests.m */ = {isa = PBXFileReference; lastKnownFileType = sourcecode.c.objc; path = ZCRefreshControlDemoTests.m; sourceTree = "<group>"; };
		6BABAE5419EB7B770019161F /* ZCRefreshControl.h */ = {isa = PBXFileReference; fileEncoding = 4; lastKnownFileType = sourcecode.c.h; path = ZCRefreshControl.h; sourceTree = "<group>"; };
		6BABAE5519EB7B770019161F /* ZCRefreshControl.m */ = {isa = PBXFileReference; fileEncoding = 4; lastKnownFileType = sourcecode.c.objc; path = ZCRefreshControl.m; sourceTree = "<group>"; };
		6BABAE5719EBB5910019161F /* TableViewController.h */ = {isa = PBXFileReference; fileEncoding = 4; lastKnownFileType = sourcecode.c.h; path = TableViewController.h; sourceTree = "<group>"; };
		6BABAE5819EBB5910019161F /* TableViewController.m */ = {isa = PBXFileReference; fileEncoding = 4; lastKnownFileType = sourcecode.c.objc; path = TableViewController.m; sourceTree = "<group>"; };
/* End PBXFileReference section */

/* Begin PBXFrameworksBuildPhase section */
		6BABAE2419EB7B1D0019161F /* Frameworks */ = {
			isa = PBXFrameworksBuildPhase;
			buildActionMask = 2147483647;
			files = (
			);
			runOnlyForDeploymentPostprocessing = 0;
		};
		6BABAE3D19EB7B1D0019161F /* Frameworks */ = {
			isa = PBXFrameworksBuildPhase;
			buildActionMask = 2147483647;
			files = (
			);
			runOnlyForDeploymentPostprocessing = 0;
		};
/* End PBXFrameworksBuildPhase section */

/* Begin PBXGroup section */
		6BABAE1E19EB7B1D0019161F = {
			isa = PBXGroup;
			children = (
				6BABAE5019EB7B600019161F /* ZCRefreshControl */,
				6BABAE2919EB7B1D0019161F /* ZCRefreshControlDemo */,
				6BABAE4319EB7B1D0019161F /* ZCRefreshControlDemoTests */,
				6BABAE2819EB7B1D0019161F /* Products */,
			);
			sourceTree = "<group>";
		};
		6BABAE2819EB7B1D0019161F /* Products */ = {
			isa = PBXGroup;
			children = (
				6BABAE2719EB7B1D0019161F /* ZCRefreshControlDemo.app */,
				6BABAE4019EB7B1D0019161F /* ZCRefreshControlDemoTests.xctest */,
			);
			name = Products;
			sourceTree = "<group>";
		};
		6BABAE2919EB7B1D0019161F /* ZCRefreshControlDemo */ = {
			isa = PBXGroup;
			children = (
				6BABAE5719EBB5910019161F /* TableViewController.h */,
				6BABAE5819EBB5910019161F /* TableViewController.m */,
				6BABAE2E19EB7B1D0019161F /* AppDelegate.h */,
				6BABAE2F19EB7B1D0019161F /* AppDelegate.m */,
				6BABAE3419EB7B1D0019161F /* Main.storyboard */,
				6BABAE3719EB7B1D0019161F /* Images.xcassets */,
				6BABAE3919EB7B1D0019161F /* LaunchScreen.xib */,
				6BABAE2A19EB7B1D0019161F /* Supporting Files */,
			);
			path = ZCRefreshControlDemo;
			sourceTree = "<group>";
		};
		6BABAE2A19EB7B1D0019161F /* Supporting Files */ = {
			isa = PBXGroup;
			children = (
				6BABAE2B19EB7B1D0019161F /* Info.plist */,
				6BABAE2C19EB7B1D0019161F /* main.m */,
			);
			name = "Supporting Files";
			sourceTree = "<group>";
		};
		6BABAE4319EB7B1D0019161F /* ZCRefreshControlDemoTests */ = {
			isa = PBXGroup;
			children = (
				6BABAE4619EB7B1D0019161F /* ZCRefreshControlDemoTests.m */,
				6BABAE4419EB7B1D0019161F /* Supporting Files */,
			);
			path = ZCRefreshControlDemoTests;
			sourceTree = "<group>";
		};
		6BABAE4419EB7B1D0019161F /* Supporting Files */ = {
			isa = PBXGroup;
			children = (
				6BABAE4519EB7B1D0019161F /* Info.plist */,
			);
			name = "Supporting Files";
			sourceTree = "<group>";
		};
		6BABAE5019EB7B600019161F /* ZCRefreshControl */ = {
			isa = PBXGroup;
			children = (
				6BABAE5419EB7B770019161F /* ZCRefreshControl.h */,
				6BABAE5519EB7B770019161F /* ZCRefreshControl.m */,
			);
			path = ZCRefreshControl;
			sourceTree = "<group>";
		};
/* End PBXGroup section */

/* Begin PBXNativeTarget section */
		6BABAE2619EB7B1D0019161F /* ZCRefreshControlDemo */ = {
			isa = PBXNativeTarget;
			buildConfigurationList = 6BABAE4A19EB7B1D0019161F /* Build configuration list for PBXNativeTarget "ZCRefreshControlDemo" */;
			buildPhases = (
				6BABAE2319EB7B1D0019161F /* Sources */,
				6BABAE2419EB7B1D0019161F /* Frameworks */,
				6BABAE2519EB7B1D0019161F /* Resources */,
			);
			buildRules = (
			);
			dependencies = (
			);
			name = ZCRefreshControlDemo;
			productName = ZCRefreshControlDemo;
			productReference = 6BABAE2719EB7B1D0019161F /* ZCRefreshControlDemo.app */;
			productType = "com.apple.product-type.application";
		};
		6BABAE3F19EB7B1D0019161F /* ZCRefreshControlDemoTests */ = {
			isa = PBXNativeTarget;
			buildConfigurationList = 6BABAE4D19EB7B1D0019161F /* Build configuration list for PBXNativeTarget "ZCRefreshControlDemoTests" */;
			buildPhases = (
				6BABAE3C19EB7B1D0019161F /* Sources */,
				6BABAE3D19EB7B1D0019161F /* Frameworks */,
				6BABAE3E19EB7B1D0019161F /* Resources */,
			);
			buildRules = (
			);
			dependencies = (
				6BABAE4219EB7B1D0019161F /* PBXTargetDependency */,
			);
			name = ZCRefreshControlDemoTests;
			productName = ZCRefreshControlDemoTests;
			productReference = 6BABAE4019EB7B1D0019161F /* ZCRefreshControlDemoTests.xctest */;
			productType = "com.apple.product-type.bundle.unit-test";
		};
/* End PBXNativeTarget section */

/* Begin PBXProject section */
		6BABAE1F19EB7B1D0019161F /* Project object */ = {
			isa = PBXProject;
			attributes = {
				LastUpgradeCheck = 0600;
				ORGANIZATIONNAME = "Zhejiang University";
				TargetAttributes = {
					6BABAE2619EB7B1D0019161F = {
						CreatedOnToolsVersion = 6.0.1;
					};
					6BABAE3F19EB7B1D0019161F = {
						CreatedOnToolsVersion = 6.0.1;
						TestTargetID = 6BABAE2619EB7B1D0019161F;
					};
				};
			};
			buildConfigurationList = 6BABAE2219EB7B1D0019161F /* Build configuration list for PBXProject "ZCRefreshControlDemo" */;
			compatibilityVersion = "Xcode 3.2";
			developmentRegion = English;
			hasScannedForEncodings = 0;
			knownRegions = (
				en,
				Base,
			);
			mainGroup = 6BABAE1E19EB7B1D0019161F;
			productRefGroup = 6BABAE2819EB7B1D0019161F /* Products */;
			projectDirPath = "";
			projectRoot = "";
			targets = (
				6BABAE2619EB7B1D0019161F /* ZCRefreshControlDemo */,
				6BABAE3F19EB7B1D0019161F /* ZCRefreshControlDemoTests */,
			);
		};
/* End PBXProject section */

/* Begin PBXResourcesBuildPhase section */
		6BABAE2519EB7B1D0019161F /* Resources */ = {
			isa = PBXResourcesBuildPhase;
			buildActionMask = 2147483647;
			files = (
				6BABAE3619EB7B1D0019161F /* Main.storyboard in Resources */,
				6BABAE3B19EB7B1D0019161F /* LaunchScreen.xib in Resources */,
				6BABAE3819EB7B1D0019161F /* Images.xcassets in Resources */,
			);
			runOnlyForDeploymentPostprocessing = 0;
		};
		6BABAE3E19EB7B1D0019161F /* Resources */ = {
			isa = PBXResourcesBuildPhase;
			buildActionMask = 2147483647;
			files = (
			);
			runOnlyForDeploymentPostprocessing = 0;
		};
/* End PBXResourcesBuildPhase section */

/* Begin PBXSourcesBuildPhase section */
		6BABAE2319EB7B1D0019161F /* Sources */ = {
			isa = PBXSourcesBuildPhase;
			buildActionMask = 2147483647;
			files = (
				6BABAE3019EB7B1D0019161F /* AppDelegate.m in Sources */,
				6BABAE5619EB7B770019161F /* ZCRefreshControl.m in Sources */,
				6BABAE5919EBB5910019161F /* TableViewController.m in Sources */,
				6BABAE2D19EB7B1D0019161F /* main.m in Sources */,
			);
			runOnlyForDeploymentPostprocessing = 0;
		};
		6BABAE3C19EB7B1D0019161F /* Sources */ = {
			isa = PBXSourcesBuildPhase;
			buildActionMask = 2147483647;
			files = (
				6BABAE4719EB7B1D0019161F /* ZCRefreshControlDemoTests.m in Sources */,
			);
			runOnlyForDeploymentPostprocessing = 0;
		};
/* End PBXSourcesBuildPhase section */

/* Begin PBXTargetDependency section */
		6BABAE4219EB7B1D0019161F /* PBXTargetDependency */ = {
			isa = PBXTargetDependency;
			target = 6BABAE2619EB7B1D0019161F /* ZCRefreshControlDemo */;
			targetProxy = 6BABAE4119EB7B1D0019161F /* PBXContainerItemProxy */;
		};
/* End PBXTargetDependency section */

/* Begin PBXVariantGroup section */
		6BABAE3419EB7B1D0019161F /* Main.storyboard */ = {
			isa = PBXVariantGroup;
			children = (
				6BABAE3519EB7B1D0019161F /* Base */,
			);
			name = Main.storyboard;
			sourceTree = "<group>";
		};
		6BABAE3919EB7B1D0019161F /* LaunchScreen.xib */ = {
			isa = PBXVariantGroup;
			children = (
				6BABAE3A19EB7B1D0019161F /* Base */,
			);
			name = LaunchScreen.xib;
			sourceTree = "<group>";
		};
/* End PBXVariantGroup section */

/* Begin XCBuildConfiguration section */
		6BABAE4819EB7B1D0019161F /* Debug */ = {
			isa = XCBuildConfiguration;
			buildSettings = {
				ALWAYS_SEARCH_USER_PATHS = NO;
				CLANG_CXX_LANGUAGE_STANDARD = "gnu++0x";
				CLANG_CXX_LIBRARY = "libc++";
				CLANG_ENABLE_MODULES = YES;
				CLANG_ENABLE_OBJC_ARC = YES;
				CLANG_WARN_BOOL_CONVERSION = YES;
				CLANG_WARN_CONSTANT_CONVERSION = YES;
				CLANG_WARN_DIRECT_OBJC_ISA_USAGE = YES_ERROR;
				CLANG_WARN_EMPTY_BODY = YES;
				CLANG_WARN_ENUM_CONVERSION = YES;
				CLANG_WARN_INT_CONVERSION = YES;
				CLANG_WARN_OBJC_ROOT_CLASS = YES_ERROR;
				CLANG_WARN_UNREACHABLE_CODE = YES;
				CLANG_WARN__DUPLICATE_METHOD_MATCH = YES;
				"CODE_SIGN_IDENTITY[sdk=iphoneos*]" = "iPhone Developer";
				COPY_PHASE_STRIP = NO;
				ENABLE_STRICT_OBJC_MSGSEND = YES;
				GCC_C_LANGUAGE_STANDARD = gnu99;
				GCC_DYNAMIC_NO_PIC = NO;
				GCC_OPTIMIZATION_LEVEL = 0;
				GCC_PREPROCESSOR_DEFINITIONS = (
					"DEBUG=1",
					"$(inherited)",
				);
				GCC_SYMBOLS_PRIVATE_EXTERN = NO;
				GCC_WARN_64_TO_32_BIT_CONVERSION = YES;
				GCC_WARN_ABOUT_RETURN_TYPE = YES_ERROR;
				GCC_WARN_UNDECLARED_SELECTOR = YES;
				GCC_WARN_UNINITIALIZED_AUTOS = YES_AGGRESSIVE;
				GCC_WARN_UNUSED_FUNCTION = YES;
				GCC_WARN_UNUSED_VARIABLE = YES;
				IPHONEOS_DEPLOYMENT_TARGET = 8.0;
				MTL_ENABLE_DEBUG_INFO = YES;
				ONLY_ACTIVE_ARCH = YES;
				SDKROOT = iphoneos;
			};
			name = Debug;
		};
		6BABAE4919EB7B1D0019161F /* Release */ = {
			isa = XCBuildConfiguration;
			buildSettings = {
				ALWAYS_SEARCH_USER_PATHS = NO;
				CLANG_CXX_LANGUAGE_STANDARD = "gnu++0x";
				CLANG_CXX_LIBRARY = "libc++";
				CLANG_ENABLE_MODULES = YES;
				CLANG_ENABLE_OBJC_ARC = YES;
				CLANG_WARN_BOOL_CONVERSION = YES;
				CLANG_WARN_CONSTANT_CONVERSION = YES;
				CLANG_WARN_DIRECT_OBJC_ISA_USAGE = YES_ERROR;
				CLANG_WARN_EMPTY_BODY = YES;
				CLANG_WARN_ENUM_CONVERSION = YES;
				CLANG_WARN_INT_CONVERSION = YES;
				CLANG_WARN_OBJC_ROOT_CLASS = YES_ERROR;
				CLANG_WARN_UNREACHABLE_CODE = YES;
				CLANG_WARN__DUPLICATE_METHOD_MATCH = YES;
				"CODE_SIGN_IDENTITY[sdk=iphoneos*]" = "iPhone Developer";
				COPY_PHASE_STRIP = YES;
				ENABLE_NS_ASSERTIONS = NO;
				ENABLE_STRICT_OBJC_MSGSEND = YES;
				GCC_C_LANGUAGE_STANDARD = gnu99;
				GCC_WARN_64_TO_32_BIT_CONVERSION = YES;
				GCC_WARN_ABOUT_RETURN_TYPE = YES_ERROR;
				GCC_WARN_UNDECLARED_SELECTOR = YES;
				GCC_WARN_UNINITIALIZED_AUTOS = YES_AGGRESSIVE;
				GCC_WARN_UNUSED_FUNCTION = YES;
				GCC_WARN_UNUSED_VARIABLE = YES;
				IPHONEOS_DEPLOYMENT_TARGET = 8.0;
				MTL_ENABLE_DEBUG_INFO = NO;
				SDKROOT = iphoneos;
				VALIDATE_PRODUCT = YES;
			};
			name = Release;
		};
		6BABAE4B19EB7B1D0019161F /* Debug */ = {
			isa = XCBuildConfiguration;
			buildSettings = {
				ASSETCATALOG_COMPILER_APPICON_NAME = AppIcon;
				INFOPLIST_FILE = ZCRefreshControlDemo/Info.plist;
				LD_RUNPATH_SEARCH_PATHS = "$(inherited) @executable_path/Frameworks";
				PRODUCT_NAME = "$(TARGET_NAME)";
			};
			name = Debug;
		};
		6BABAE4C19EB7B1D0019161F /* Release */ = {
			isa = XCBuildConfiguration;
			buildSettings = {
				ASSETCATALOG_COMPILER_APPICON_NAME = AppIcon;
				INFOPLIST_FILE = ZCRefreshControlDemo/Info.plist;
				LD_RUNPATH_SEARCH_PATHS = "$(inherited) @executable_path/Frameworks";
				PRODUCT_NAME = "$(TARGET_NAME)";
			};
			name = Release;
		};
		6BABAE4E19EB7B1D0019161F /* Debug */ = {
			isa = XCBuildConfiguration;
			buildSettings = {
				BUNDLE_LOADER = "$(TEST_HOST)";
				FRAMEWORK_SEARCH_PATHS = (
					"$(SDKROOT)/Developer/Library/Frameworks",
					"$(inherited)",
				);
				GCC_PREPROCESSOR_DEFINITIONS = (
					"DEBUG=1",
					"$(inherited)",
				);
				INFOPLIST_FILE = ZCRefreshControlDemoTests/Info.plist;
				LD_RUNPATH_SEARCH_PATHS = "$(inherited) @executable_path/Frameworks @loader_path/Frameworks";
				PRODUCT_NAME = "$(TARGET_NAME)";
				TEST_HOST = "$(BUILT_PRODUCTS_DIR)/ZCRefreshControlDemo.app/ZCRefreshControlDemo";
			};
			name = Debug;
		};
		6BABAE4F19EB7B1D0019161F /* Release */ = {
			isa = XCBuildConfiguration;
			buildSettings = {
				BUNDLE_LOADER = "$(TEST_HOST)";
				FRAMEWORK_SEARCH_PATHS = (
					"$(SDKROOT)/Developer/Library/Frameworks",
					"$(inherited)",
				);
				INFOPLIST_FILE = ZCRefreshControlDemoTests/Info.plist;
				LD_RUNPATH_SEARCH_PATHS = "$(inherited) @executable_path/Frameworks @loader_path/Frameworks";
				PRODUCT_NAME = "$(TARGET_NAME)";
				TEST_HOST = "$(BUILT_PRODUCTS_DIR)/ZCRefreshControlDemo.app/ZCRefreshControlDemo";
			};
			name = Release;
		};
/* End XCBuildConfiguration section */

/* Begin XCConfigurationList section */
		6BABAE2219EB7B1D0019161F /* Build configuration list for PBXProject "ZCRefreshControlDemo" */ = {
			isa = XCConfigurationList;
			buildConfigurations = (
				6BABAE4819EB7B1D0019161F /* Debug */,
				6BABAE4919EB7B1D0019161F /* Release */,
			);
			defaultConfigurationIsVisible = 0;
			defaultConfigurationName = Release;
		};
		6BABAE4A19EB7B1D0019161F /* Build configuration list for PBXNativeTarget "ZCRefreshControlDemo" */ = {
			isa = XCConfigurationList;
			buildConfigurations = (
				6BABAE4B19EB7B1D0019161F /* Debug */,
				6BABAE4C19EB7B1D0019161F /* Release */,
			);
			defaultConfigurationIsVisible = 0;
		};
		6BABAE4D19EB7B1D0019161F /* Build configuration list for PBXNativeTarget "ZCRefreshControlDemoTests" */ = {
			isa = XCConfigurationList;
			buildConfigurations = (
				6BABAE4E19EB7B1D0019161F /* Debug */,
				6BABAE4F19EB7B1D0019161F /* Release */,
			);
			defaultConfigurationIsVisible = 0;
		};
/* End XCConfigurationList section */
	};
	rootObject = 6BABAE1F19EB7B1D0019161F /* Project object */;
}
